
Microsoft Visual Studio Solution File, Format Version 12.00
# Visual Studio Version 17
VisualStudioVersion = 17.5.33502.453
MinimumVisualStudioVersion = 10.0.40219.1
Project("{8BC9CEB8-8B4A-11D0-8D11-00A0C91BC942}") = "Dlinklist", "Dlinklist\Dlinklist.vcxproj", "{A6206C04-4EF9-4870-AF2F-DA272B30BA64}"
EndProject
Global
	GlobalSection(SolutionConfigurationPlatforms) = preSolution
		Debug|x64 = Debug|x64
		Debug|x86 = Debug|x86
		Release|x64 = Release|x64
		Release|x86 = Release|x86
	EndGlobalSection
	GlobalSection(ProjectConfigurationPlatforms) = postSolution
		{A6206C04-4EF9-4870-AF2F-DA272B30BA64}.Debug|x64.ActiveCfg = Debug|x64
		{A6206C04-4EF9-4870-AF2F-DA272B30BA64}.Debug|x64.Build.0 = Debug|x64
		{A6206C04-4EF9-4870-AF2F-DA272B30BA64}.Debug|x86.ActiveCfg = Debug|Win32
		{A6206C04-4EF9-4870-AF2F-DA272B30BA64}.Debug|x86.Build.0 = Debug|Win32
		{A6206C04-4EF9-4870-AF2F-DA272B30BA64}.Release|x64.ActiveCfg = Release|x64
		{A6206C04-4EF9-4870-AF2F-DA272B30BA64}.Release|x64.Build.0 = Release|x64
		{A6206C04-4EF9-4870-AF2F-DA272B30BA64}.Release|x86.ActiveCfg = Release|Win32
		{A6206C04-4EF9-4870-AF2F-DA272B30BA64}.Release|x86.Build.0 = Release|Win32
	EndGlobalSection
	GlobalSection(SolutionProperties) = preSolution
		HideSolutionNode = FALSE
	EndGlobalSection
	GlobalSection(ExtensibilityGlobals) = postSolution
		SolutionGuid = {CC60B8B1-6A4E-4F22-B02A-77786F8A1053}
	EndGlobalSection
EndGlobal
