
Microsoft Visual Studio Solution File, Format Version 12.00
# Visual Studio Version 17
VisualStudioVersion = 17.5.33502.453
MinimumVisualStudioVersion = 10.0.40219.1
Project("{8BC9CEB8-8B4A-11D0-8D11-00A0C91BC942}") = "test001", "test001\test001.vcxproj", "{5D246096-3592-42FB-9BE8-558D8EF1DA29}"
EndProject
Project("{8BC9CEB8-8B4A-11D0-8D11-00A0C91BC942}") = "test002", "test002\test002.vcxproj", "{E7425579-039B-4124-ADFA-C4937C9214ED}"
EndProject
Project("{8BC9CEB8-8B4A-11D0-8D11-00A0C91BC942}") = "test003", "test003\test003.vcxproj", "{7F1EA8F8-E9E9-45C8-BDC5-476FEB756B8D}"
EndProject
Project("{8BC9CEB8-8B4A-11D0-8D11-00A0C91BC942}") = "test004", "test004\test004.vcxproj", "{41088EE0-1A83-4252-B8E8-27FCB03CB88B}"
EndProject
Global
	GlobalSection(SolutionConfigurationPlatforms) = preSolution
		Debug|x64 = Debug|x64
		Debug|x86 = Debug|x86
		Release|x64 = Release|x64
		Release|x86 = Release|x86
	EndGlobalSection
	GlobalSection(ProjectConfigurationPlatforms) = postSolution
		{5D246096-3592-42FB-9BE8-558D8EF1DA29}.Debug|x64.ActiveCfg = Debug|x64
		{5D246096-3592-42FB-9BE8-558D8EF1DA29}.Debug|x64.Build.0 = Debug|x64
		{5D246096-3592-42FB-9BE8-558D8EF1DA29}.Debug|x86.ActiveCfg = Debug|Win32
		{5D246096-3592-42FB-9BE8-558D8EF1DA29}.Debug|x86.Build.0 = Debug|Win32
		{5D246096-3592-42FB-9BE8-558D8EF1DA29}.Release|x64.ActiveCfg = Release|x64
		{5D246096-3592-42FB-9BE8-558D8EF1DA29}.Release|x64.Build.0 = Release|x64
		{5D246096-3592-42FB-9BE8-558D8EF1DA29}.Release|x86.ActiveCfg = Release|Win32
		{5D246096-3592-42FB-9BE8-558D8EF1DA29}.Release|x86.Build.0 = Release|Win32
		{E7425579-039B-4124-ADFA-C4937C9214ED}.Debug|x64.ActiveCfg = Debug|x64
		{E7425579-039B-4124-ADFA-C4937C9214ED}.Debug|x64.Build.0 = Debug|x64
		{E7425579-039B-4124-ADFA-C4937C9214ED}.Debug|x86.ActiveCfg = Debug|Win32
		{E7425579-039B-4124-ADFA-C4937C9214ED}.Debug|x86.Build.0 = Debug|Win32
		{E7425579-039B-4124-ADFA-C4937C9214ED}.Release|x64.ActiveCfg = Release|x64
		{E7425579-039B-4124-ADFA-C4937C9214ED}.Release|x64.Build.0 = Release|x64
		{E7425579-039B-4124-ADFA-C4937C9214ED}.Release|x86.ActiveCfg = Release|Win32
		{E7425579-039B-4124-ADFA-C4937C9214ED}.Release|x86.Build.0 = Release|Win32
		{7F1EA8F8-E9E9-45C8-BDC5-476FEB756B8D}.Debug|x64.ActiveCfg = Debug|x64
		{7F1EA8F8-E9E9-45C8-BDC5-476FEB756B8D}.Debug|x64.Build.0 = Debug|x64
		{7F1EA8F8-E9E9-45C8-BDC5-476FEB756B8D}.Debug|x86.ActiveCfg = Debug|Win32
		{7F1EA8F8-E9E9-45C8-BDC5-476FEB756B8D}.Debug|x86.Build.0 = Debug|Win32
		{7F1EA8F8-E9E9-45C8-BDC5-476FEB756B8D}.Release|x64.ActiveCfg = Release|x64
		{7F1EA8F8-E9E9-45C8-BDC5-476FEB756B8D}.Release|x64.Build.0 = Release|x64
		{7F1EA8F8-E9E9-45C8-BDC5-476FEB756B8D}.Release|x86.ActiveCfg = Release|Win32
		{7F1EA8F8-E9E9-45C8-BDC5-476FEB756B8D}.Release|x86.Build.0 = Release|Win32
		{41088EE0-1A83-4252-B8E8-27FCB03CB88B}.Debug|x64.ActiveCfg = Debug|x64
		{41088EE0-1A83-4252-B8E8-27FCB03CB88B}.Debug|x64.Build.0 = Debug|x64
		{41088EE0-1A83-4252-B8E8-27FCB03CB88B}.Debug|x86.ActiveCfg = Debug|Win32
		{41088EE0-1A83-4252-B8E8-27FCB03CB88B}.Debug|x86.Build.0 = Debug|Win32
		{41088EE0-1A83-4252-B8E8-27FCB03CB88B}.Release|x64.ActiveCfg = Release|x64
		{41088EE0-1A83-4252-B8E8-27FCB03CB88B}.Release|x64.Build.0 = Release|x64
		{41088EE0-1A83-4252-B8E8-27FCB03CB88B}.Release|x86.ActiveCfg = Release|Win32
		{41088EE0-1A83-4252-B8E8-27FCB03CB88B}.Release|x86.Build.0 = Release|Win32
	EndGlobalSection
	GlobalSection(SolutionProperties) = preSolution
		HideSolutionNode = FALSE
	EndGlobalSection
	GlobalSection(ExtensibilityGlobals) = postSolution
		SolutionGuid = {C7839F1A-3CD5-4507-BF17-528FA2711EC4}
	EndGlobalSection
EndGlobal
