
Microsoft Visual Studio Solution File, Format Version 12.00
# Visual Studio Version 17
VisualStudioVersion = 17.5.33502.453
MinimumVisualStudioVersion = 10.0.40219.1
Project("{8BC9CEB8-8B4A-11D0-8D11-00A0C91BC942}") = "Leecode", "Leecode\Leecode.vcxproj", "{39D8736B-2D1F-4410-9314-78F8357028F2}"
EndProject
Project("{8BC9CEB8-8B4A-11D0-8D11-00A0C91BC942}") = "5", "5\5.vcxproj", "{0777560E-AB08-4365-BA34-F26CAB613588}"
EndProject
Project("{8BC9CEB8-8B4A-11D0-8D11-00A0C91BC942}") = "Project1", "Project1\Project1.vcxproj", "{FA84E919-E5A9-4F12-A6B4-70AEE7604313}"
EndProject
Project("{8BC9CEB8-8B4A-11D0-8D11-00A0C91BC942}") = "Project2", "Project2\Project2.vcxproj", "{A637C3D9-A1B3-4655-A55F-5BBD03494AA8}"
EndProject
Project("{8BC9CEB8-8B4A-11D0-8D11-00A0C91BC942}") = "Project3", "Project3\Project3.vcxproj", "{D98BF89B-CFEE-4608-BC03-F38818C46431}"
EndProject
Global
	GlobalSection(SolutionConfigurationPlatforms) = preSolution
		Debug|x64 = Debug|x64
		Debug|x86 = Debug|x86
		Release|x64 = Release|x64
		Release|x86 = Release|x86
	EndGlobalSection
	GlobalSection(ProjectConfigurationPlatforms) = postSolution
		{39D8736B-2D1F-4410-9314-78F8357028F2}.Debug|x64.ActiveCfg = Debug|x64
		{39D8736B-2D1F-4410-9314-78F8357028F2}.Debug|x64.Build.0 = Debug|x64
		{39D8736B-2D1F-4410-9314-78F8357028F2}.Debug|x86.ActiveCfg = Debug|Win32
		{39D8736B-2D1F-4410-9314-78F8357028F2}.Debug|x86.Build.0 = Debug|Win32
		{39D8736B-2D1F-4410-9314-78F8357028F2}.Release|x64.ActiveCfg = Release|x64
		{39D8736B-2D1F-4410-9314-78F8357028F2}.Release|x64.Build.0 = Release|x64
		{39D8736B-2D1F-4410-9314-78F8357028F2}.Release|x86.ActiveCfg = Release|Win32
		{39D8736B-2D1F-4410-9314-78F8357028F2}.Release|x86.Build.0 = Release|Win32
		{0777560E-AB08-4365-BA34-F26CAB613588}.Debug|x64.ActiveCfg = Debug|x64
		{0777560E-AB08-4365-BA34-F26CAB613588}.Debug|x64.Build.0 = Debug|x64
		{0777560E-AB08-4365-BA34-F26CAB613588}.Debug|x86.ActiveCfg = Debug|Win32
		{0777560E-AB08-4365-BA34-F26CAB613588}.Debug|x86.Build.0 = Debug|Win32
		{0777560E-AB08-4365-BA34-F26CAB613588}.Release|x64.ActiveCfg = Release|x64
		{0777560E-AB08-4365-BA34-F26CAB613588}.Release|x64.Build.0 = Release|x64
		{0777560E-AB08-4365-BA34-F26CAB613588}.Release|x86.ActiveCfg = Release|Win32
		{0777560E-AB08-4365-BA34-F26CAB613588}.Release|x86.Build.0 = Release|Win32
		{FA84E919-E5A9-4F12-A6B4-70AEE7604313}.Debug|x64.ActiveCfg = Debug|x64
		{FA84E919-E5A9-4F12-A6B4-70AEE7604313}.Debug|x64.Build.0 = Debug|x64
		{FA84E919-E5A9-4F12-A6B4-70AEE7604313}.Debug|x86.ActiveCfg = Debug|Win32
		{FA84E919-E5A9-4F12-A6B4-70AEE7604313}.Debug|x86.Build.0 = Debug|Win32
		{FA84E919-E5A9-4F12-A6B4-70AEE7604313}.Release|x64.ActiveCfg = Release|x64
		{FA84E919-E5A9-4F12-A6B4-70AEE7604313}.Release|x64.Build.0 = Release|x64
		{FA84E919-E5A9-4F12-A6B4-70AEE7604313}.Release|x86.ActiveCfg = Release|Win32
		{FA84E919-E5A9-4F12-A6B4-70AEE7604313}.Release|x86.Build.0 = Release|Win32
		{A637C3D9-A1B3-4655-A55F-5BBD03494AA8}.Debug|x64.ActiveCfg = Debug|x64
		{A637C3D9-A1B3-4655-A55F-5BBD03494AA8}.Debug|x64.Build.0 = Debug|x64
		{A637C3D9-A1B3-4655-A55F-5BBD03494AA8}.Debug|x86.ActiveCfg = Debug|Win32
		{A637C3D9-A1B3-4655-A55F-5BBD03494AA8}.Debug|x86.Build.0 = Debug|Win32
		{A637C3D9-A1B3-4655-A55F-5BBD03494AA8}.Release|x64.ActiveCfg = Release|x64
		{A637C3D9-A1B3-4655-A55F-5BBD03494AA8}.Release|x64.Build.0 = Release|x64
		{A637C3D9-A1B3-4655-A55F-5BBD03494AA8}.Release|x86.ActiveCfg = Release|Win32
		{A637C3D9-A1B3-4655-A55F-5BBD03494AA8}.Release|x86.Build.0 = Release|Win32
		{D98BF89B-CFEE-4608-BC03-F38818C46431}.Debug|x64.ActiveCfg = Debug|x64
		{D98BF89B-CFEE-4608-BC03-F38818C46431}.Debug|x64.Build.0 = Debug|x64
		{D98BF89B-CFEE-4608-BC03-F38818C46431}.Debug|x86.ActiveCfg = Debug|Win32
		{D98BF89B-CFEE-4608-BC03-F38818C46431}.Debug|x86.Build.0 = Debug|Win32
		{D98BF89B-CFEE-4608-BC03-F38818C46431}.Release|x64.ActiveCfg = Release|x64
		{D98BF89B-CFEE-4608-BC03-F38818C46431}.Release|x64.Build.0 = Release|x64
		{D98BF89B-CFEE-4608-BC03-F38818C46431}.Release|x86.ActiveCfg = Release|Win32
		{D98BF89B-CFEE-4608-BC03-F38818C46431}.Release|x86.Build.0 = Release|Win32
	EndGlobalSection
	GlobalSection(SolutionProperties) = preSolution
		HideSolutionNode = FALSE
	EndGlobalSection
	GlobalSection(ExtensibilityGlobals) = postSolution
		SolutionGuid = {26CA4454-897A-4C0D-A8F4-25490A218561}
	EndGlobalSection
EndGlobal
